
Microsoft Visual Studio Solution File, Format Version 12.00
# Visual Studio Version 17
VisualStudioVersion = 17.3.32901.215
MinimumVisualStudioVersion = 10.0.40219.1
Project("{FAE04EC0-301F-11D3-BF4B-00C04F79EFBC}") = "BackEnd_NETCore", "BackEnd_NETCore\BackEnd_NETCore.csproj", "{214B2438-90F7-4F44-A280-54A0A3822E10}"
EndProject
Project("{2150E333-8FDC-42A3-9474-1A3956D46DE8}") = "1-Web", "1-Web", "{4C01E88D-3DF0-426D-9566-C40A6424079F}"
EndProject
Project("{2150E333-8FDC-42A3-9474-1A3956D46DE8}") = "2-Application", "2-Application", "{0C73D33D-05A4-4A96-8E76-D124F70E67F5}"
EndProject
Project("{2150E333-8FDC-42A3-9474-1A3956D46DE8}") = "3-Domain", "3-Domain", "{981EE0C5-807D-4313-A204-C48F1AE1E1FF}"
EndProject
Project("{2150E333-8FDC-42A3-9474-1A3956D46DE8}") = "4-Infra", "4-Infra", "{059892FB-E524-4A7B-8E97-6692147D7926}"
EndProject
Project("{FAE04EC0-301F-11D3-BF4B-00C04F79EFBC}") = "BackEnd_NETCore.Application", "BackEnd_NETCore.Application\BackEnd_NETCore.Application.csproj", "{F8947035-E4EE-4A2C-8BF7-789F25187BF7}"
EndProject
Project("{FAE04EC0-301F-11D3-BF4B-00C04F79EFBC}") = "BackEnd_NETCore.Domain", "BackEnd_NETCore.Domain\BackEnd_NETCore.Domain.csproj", "{550CD03F-1FBC-439E-B401-67EC5A939740}"
EndProject
Project("{2150E333-8FDC-42A3-9474-1A3956D46DE8}") = "4.1-Data", "4.1-Data", "{982C3009-DEF7-420B-AAEF-E3112AA70585}"
EndProject
Project("{2150E333-8FDC-42A3-9474-1A3956D46DE8}") = "4.2-CrossCutting", "4.2-CrossCutting", "{A2603474-D977-478F-BEC5-7A0AFC7A5CE1}"
EndProject
Project("{FAE04EC0-301F-11D3-BF4B-00C04F79EFBC}") = "BackEnd_NETCore.Data", "BackEnd_NETCore.Data\BackEnd_NETCore.Data.csproj", "{0C50E9A5-9991-4527-85B6-2BC7075B1D66}"
EndProject
Project("{FAE04EC0-301F-11D3-BF4B-00C04F79EFBC}") = "BackEnd_NETCore.IoC", "BackEnd_NETCore.IoC\BackEnd_NETCore.IoC.csproj", "{935959E0-FD93-4FC3-870D-4340040697FC}"
EndProject
Global
	GlobalSection(SolutionConfigurationPlatforms) = preSolution
		Debug|Any CPU = Debug|Any CPU
		Release|Any CPU = Release|Any CPU
	EndGlobalSection
	GlobalSection(ProjectConfigurationPlatforms) = postSolution
		{214B2438-90F7-4F44-A280-54A0A3822E10}.Debug|Any CPU.ActiveCfg = Debug|Any CPU
		{214B2438-90F7-4F44-A280-54A0A3822E10}.Debug|Any CPU.Build.0 = Debug|Any CPU
		{214B2438-90F7-4F44-A280-54A0A3822E10}.Release|Any CPU.ActiveCfg = Release|Any CPU
		{214B2438-90F7-4F44-A280-54A0A3822E10}.Release|Any CPU.Build.0 = Release|Any CPU
		{F8947035-E4EE-4A2C-8BF7-789F25187BF7}.Debug|Any CPU.ActiveCfg = Debug|Any CPU
		{F8947035-E4EE-4A2C-8BF7-789F25187BF7}.Debug|Any CPU.Build.0 = Debug|Any CPU
		{F8947035-E4EE-4A2C-8BF7-789F25187BF7}.Release|Any CPU.ActiveCfg = Release|Any CPU
		{F8947035-E4EE-4A2C-8BF7-789F25187BF7}.Release|Any CPU.Build.0 = Release|Any CPU
		{550CD03F-1FBC-439E-B401-67EC5A939740}.Debug|Any CPU.ActiveCfg = Debug|Any CPU
		{550CD03F-1FBC-439E-B401-67EC5A939740}.Debug|Any CPU.Build.0 = Debug|Any CPU
		{550CD03F-1FBC-439E-B401-67EC5A939740}.Release|Any CPU.ActiveCfg = Release|Any CPU
		{550CD03F-1FBC-439E-B401-67EC5A939740}.Release|Any CPU.Build.0 = Release|Any CPU
		{0C50E9A5-9991-4527-85B6-2BC7075B1D66}.Debug|Any CPU.ActiveCfg = Debug|Any CPU
		{0C50E9A5-9991-4527-85B6-2BC7075B1D66}.Debug|Any CPU.Build.0 = Debug|Any CPU
		{0C50E9A5-9991-4527-85B6-2BC7075B1D66}.Release|Any CPU.ActiveCfg = Release|Any CPU
		{0C50E9A5-9991-4527-85B6-2BC7075B1D66}.Release|Any CPU.Build.0 = Release|Any CPU
		{935959E0-FD93-4FC3-870D-4340040697FC}.Debug|Any CPU.ActiveCfg = Debug|Any CPU
		{935959E0-FD93-4FC3-870D-4340040697FC}.Debug|Any CPU.Build.0 = Debug|Any CPU
		{935959E0-FD93-4FC3-870D-4340040697FC}.Release|Any CPU.ActiveCfg = Release|Any CPU
		{935959E0-FD93-4FC3-870D-4340040697FC}.Release|Any CPU.Build.0 = Release|Any CPU
	EndGlobalSection
	GlobalSection(SolutionProperties) = preSolution
		HideSolutionNode = FALSE
	EndGlobalSection
	GlobalSection(NestedProjects) = preSolution
		{214B2438-90F7-4F44-A280-54A0A3822E10} = {4C01E88D-3DF0-426D-9566-C40A6424079F}
		{F8947035-E4EE-4A2C-8BF7-789F25187BF7} = {0C73D33D-05A4-4A96-8E76-D124F70E67F5}
		{550CD03F-1FBC-439E-B401-67EC5A939740} = {981EE0C5-807D-4313-A204-C48F1AE1E1FF}
		{982C3009-DEF7-420B-AAEF-E3112AA70585} = {059892FB-E524-4A7B-8E97-6692147D7926}
		{A2603474-D977-478F-BEC5-7A0AFC7A5CE1} = {059892FB-E524-4A7B-8E97-6692147D7926}
		{0C50E9A5-9991-4527-85B6-2BC7075B1D66} = {982C3009-DEF7-420B-AAEF-E3112AA70585}
		{935959E0-FD93-4FC3-870D-4340040697FC} = {A2603474-D977-478F-BEC5-7A0AFC7A5CE1}
	EndGlobalSection
	GlobalSection(ExtensibilityGlobals) = postSolution
		SolutionGuid = {2C92DF04-F98E-4696-B4ED-FA6788C2D8D5}
	EndGlobalSection
EndGlobal
